// !$*UTF8*$!
{
	archiveVersion = 1;
	classes = {
	};
	objectVersion = 46;
	objects = {

/* Begin PBXBuildFile section */
		E2EA0E7C1BBA78390013B180 /* AppDelegate.swift in Sources */ = {isa = PBXBuildFile; fileRef = E2EA0E7B1BBA78390013B180 /* AppDelegate.swift */; };
		E2EA0E7E1BBA78390013B180 /* ViewController.swift in Sources */ = {isa = PBXBuildFile; fileRef = E2EA0E7D1BBA78390013B180 /* ViewController.swift */; };
		E2EA0E811BBA78390013B180 /* Main.storyboard in Resources */ = {isa = PBXBuildFile; fileRef = E2EA0E7F1BBA78390013B180 /* Main.storyboard */; };
		E2EA0E831BBA78390013B180 /* Assets.xcassets in Resources */ = {isa = PBXBuildFile; fileRef = E2EA0E821BBA78390013B180 /* Assets.xcassets */; };
		E2EA0E861BBA78390013B180 /* LaunchScreen.storyboard in Resources */ = {isa = PBXBuildFile; fileRef = E2EA0E841BBA78390013B180 /* LaunchScreen.storyboard */; };
		E2EA0E911BBA78390013B180 /* SearchLocationTests.swift in Sources */ = {isa = PBXBuildFile; fileRef = E2EA0E901BBA78390013B180 /* SearchLocationTests.swift */; };
		E2EA0E9C1BBA78390013B180 /* SearchLocationUITests.swift in Sources */ = {isa = PBXBuildFile; fileRef = E2EA0E9B1BBA78390013B180 /* SearchLocationUITests.swift */; };
/* End PBXBuildFile section */

/* Begin PBXContainerItemProxy section */
		E2EA0E8D1BBA78390013B180 /* PBXContainerItemProxy */ = {
			isa = PBXContainerItemProxy;
			containerPortal = E2EA0E701BBA78380013B180 /* Project object */;
			proxyType = 1;
			remoteGlobalIDString = E2EA0E771BBA78390013B180;
			remoteInfo = SearchLocation;
		};
		E2EA0E981BBA78390013B180 /* PBXContainerItemProxy */ = {
			isa = PBXContainerItemProxy;
			containerPortal = E2EA0E701BBA78380013B180 /* Project object */;
			proxyType = 1;
			remoteGlobalIDString = E2EA0E771BBA78390013B180;
			remoteInfo = SearchLocation;
		};
/* End PBXContainerItemProxy section */

/* Begin PBXFileReference section */
		E2EA0E781BBA78390013B180 /* SearchLocation.app */ = {isa = PBXFileReference; explicitFileType = wrapper.application; includeInIndex = 0; path = SearchLocation.app; sourceTree = BUILT_PRODUCTS_DIR; };
		E2EA0E7B1BBA78390013B180 /* AppDelegate.swift */ = {isa = PBXFileReference; lastKnownFileType = sourcecode.swift; path = AppDelegate.swift; sourceTree = "<group>"; };
		E2EA0E7D1BBA78390013B180 /* ViewController.swift */ = {isa = PBXFileReference; lastKnownFileType = sourcecode.swift; path = ViewController.swift; sourceTree = "<group>"; };
		E2EA0E801BBA78390013B180 /* Base */ = {isa = PBXFileReference; lastKnownFileType = file.storyboard; name = Base; path = Base.lproj/Main.storyboard; sourceTree = "<group>"; };
		E2EA0E821BBA78390013B180 /* Assets.xcassets */ = {isa = PBXFileReference; lastKnownFileType = folder.assetcatalog; path = Assets.xcassets; sourceTree = "<group>"; };
		E2EA0E851BBA78390013B180 /* Base */ = {isa = PBXFileReference; lastKnownFileType = file.storyboard; name = Base; path = Base.lproj/LaunchScreen.storyboard; sourceTree = "<group>"; };
		E2EA0E871BBA78390013B180 /* Info.plist */ = {isa = PBXFileReference; lastKnownFileType = text.plist.xml; path = Info.plist; sourceTree = "<group>"; };
		E2EA0E8C1BBA78390013B180 /* SearchLocationTests.xctest */ = {isa = PBXFileReference; explicitFileType = wrapper.cfbundle; includeInIndex = 0; path = SearchLocationTests.xctest; sourceTree = BUILT_PRODUCTS_DIR; };
		E2EA0E901BBA78390013B180 /* SearchLocationTests.swift */ = {isa = PBXFileReference; lastKnownFileType = sourcecode.swift; path = SearchLocationTests.swift; sourceTree = "<group>"; };
		E2EA0E921BBA78390013B180 /* Info.plist */ = {isa = PBXFileReference; lastKnownFileType = text.plist.xml; path = Info.plist; sourceTree = "<group>"; };
		E2EA0E971BBA78390013B180 /* SearchLocationUITests.xctest */ = {isa = PBXFileReference; explicitFileType = wrapper.cfbundle; includeInIndex = 0; path = SearchLocationUITests.xctest; sourceTree = BUILT_PRODUCTS_DIR; };
		E2EA0E9B1BBA78390013B180 /* SearchLocationUITests.swift */ = {isa = PBXFileReference; lastKnownFileType = sourcecode.swift; path = SearchLocationUITests.swift; sourceTree = "<group>"; };
		E2EA0E9D1BBA78390013B180 /* Info.plist */ = {isa = PBXFileReference; lastKnownFileType = text.plist.xml; path = Info.plist; sourceTree = "<group>"; };
/* End PBXFileReference section */

/* Begin PBXFrameworksBuildPhase section */
		E2EA0E751BBA78390013B180 /* Frameworks */ = {
			isa = PBXFrameworksBuildPhase;
			buildActionMask = 2147483647;
			files = (
			);
			runOnlyForDeploymentPostprocessing = 0;
		};
		E2EA0E891BBA78390013B180 /* Frameworks */ = {
			isa = PBXFrameworksBuildPhase;
			buildActionMask = 2147483647;
			files = (
			);
			runOnlyForDeploymentPostprocessing = 0;
		};
		E2EA0E941BBA78390013B180 /* Frameworks */ = {
			isa = PBXFrameworksBuildPhase;
			buildActionMask = 2147483647;
			files = (
			);
			runOnlyForDeploymentPostprocessing = 0;
		};
/* End PBXFrameworksBuildPhase section */

/* Begin PBXGroup section */
		E2EA0E6F1BBA78380013B180 = {
			isa = PBXGroup;
			children = (
				E2EA0E7A1BBA78390013B180 /* SearchLocation */,
				E2EA0E8F1BBA78390013B180 /* SearchLocationTests */,
				E2EA0E9A1BBA78390013B180 /* SearchLocationUITests */,
				E2EA0E791BBA78390013B180 /* Products */,
			);
			sourceTree = "<group>";
		};
		E2EA0E791BBA78390013B180 /* Products */ = {
			isa = PBXGroup;
			children = (
				E2EA0E781BBA78390013B180 /* SearchLocation.app */,
				E2EA0E8C1BBA78390013B180 /* SearchLocationTests.xctest */,
				E2EA0E971BBA78390013B180 /* SearchLocationUITests.xctest */,
			);
			name = Products;
			sourceTree = "<group>";
		};
		E2EA0E7A1BBA78390013B180 /* SearchLocation */ = {
			isa = PBXGroup;
			children = (
				E2EA0E7B1BBA78390013B180 /* AppDelegate.swift */,
				E2EA0E7D1BBA78390013B180 /* ViewController.swift */,
				E2EA0E7F1BBA78390013B180 /* Main.storyboard */,
				E2EA0E821BBA78390013B180 /* Assets.xcassets */,
				E2EA0E841BBA78390013B180 /* LaunchScreen.storyboard */,
				E2EA0E871BBA78390013B180 /* Info.plist */,
			);
			path = SearchLocation;
			sourceTree = "<group>";
		};
		E2EA0E8F1BBA78390013B180 /* SearchLocationTests */ = {
			isa = PBXGroup;
			children = (
				E2EA0E901BBA78390013B180 /* SearchLocationTests.swift */,
				E2EA0E921BBA78390013B180 /* Info.plist */,
			);
			path = SearchLocationTests;
			sourceTree = "<group>";
		};
		E2EA0E9A1BBA78390013B180 /* SearchLocationUITests */ = {
			isa = PBXGroup;
			children = (
				E2EA0E9B1BBA78390013B180 /* SearchLocationUITests.swift */,
				E2EA0E9D1BBA78390013B180 /* Info.plist */,
			);
			path = SearchLocationUITests;
			sourceTree = "<group>";
		};
/* End PBXGroup section */

/* Begin PBXNativeTarget section */
		E2EA0E771BBA78390013B180 /* SearchLocation */ = {
			isa = PBXNativeTarget;
			buildConfigurationList = E2EA0EA01BBA78390013B180 /* Build configuration list for PBXNativeTarget "SearchLocation" */;
			buildPhases = (
				E2EA0E741BBA78390013B180 /* Sources */,
				E2EA0E751BBA78390013B180 /* Frameworks */,
				E2EA0E761BBA78390013B180 /* Resources */,
			);
			buildRules = (
			);
			dependencies = (
			);
			name = SearchLocation;
			productName = SearchLocation;
			productReference = E2EA0E781BBA78390013B180 /* SearchLocation.app */;
			productType = "com.apple.product-type.application";
		};
		E2EA0E8B1BBA78390013B180 /* SearchLocationTests */ = {
			isa = PBXNativeTarget;
			buildConfigurationList = E2EA0EA31BBA78390013B180 /* Build configuration list for PBXNativeTarget "SearchLocationTests" */;
			buildPhases = (
				E2EA0E881BBA78390013B180 /* Sources */,
				E2EA0E891BBA78390013B180 /* Frameworks */,
				E2EA0E8A1BBA78390013B180 /* Resources */,
			);
			buildRules = (
			);
			dependencies = (
				E2EA0E8E1BBA78390013B180 /* PBXTargetDependency */,
			);
			name = SearchLocationTests;
			productName = SearchLocationTests;
			productReference = E2EA0E8C1BBA78390013B180 /* SearchLocationTests.xctest */;
			productType = "com.apple.product-type.bundle.unit-test";
		};
		E2EA0E961BBA78390013B180 /* SearchLocationUITests */ = {
			isa = PBXNativeTarget;
			buildConfigurationList = E2EA0EA61BBA78390013B180 /* Build configuration list for PBXNativeTarget "SearchLocationUITests" */;
			buildPhases = (
				E2EA0E931BBA78390013B180 /* Sources */,
				E2EA0E941BBA78390013B180 /* Frameworks */,
				E2EA0E951BBA78390013B180 /* Resources */,
			);
			buildRules = (
			);
			dependencies = (
				E2EA0E991BBA78390013B180 /* PBXTargetDependency */,
			);
			name = SearchLocationUITests;
			productName = SearchLocationUITests;
			productReference = E2EA0E971BBA78390013B180 /* SearchLocationUITests.xctest */;
			productType = "com.apple.product-type.bundle.ui-testing";
		};
/* End PBXNativeTarget section */

/* Begin PBXProject section */
		E2EA0E701BBA78380013B180 /* Project object */ = {
			isa = PBXProject;
			attributes = {
				LastUpgradeCheck = 0700;
				ORGANIZATIONNAME = "今村翔一";
				TargetAttributes = {
					E2EA0E771BBA78390013B180 = {
						CreatedOnToolsVersion = 7.0.1;
						DevelopmentTeam = BWLJF22497;
					};
					E2EA0E8B1BBA78390013B180 = {
						CreatedOnToolsVersion = 7.0.1;
						DevelopmentTeam = BWLJF22497;
						TestTargetID = E2EA0E771BBA78390013B180;
					};
					E2EA0E961BBA78390013B180 = {
						CreatedOnToolsVersion = 7.0.1;
						DevelopmentTeam = BWLJF22497;
						TestTargetID = E2EA0E771BBA78390013B180;
					};
				};
			};
			buildConfigurationList = E2EA0E731BBA78390013B180 /* Build configuration list for PBXProject "SearchLocation" */;
			compatibilityVersion = "Xcode 3.2";
			developmentRegion = English;
			hasScannedForEncodings = 0;
			knownRegions = (
				en,
				Base,
			);
			mainGroup = E2EA0E6F1BBA78380013B180;
			productRefGroup = E2EA0E791BBA78390013B180 /* Products */;
			projectDirPath = "";
			projectRoot = "";
			targets = (
				E2EA0E771BBA78390013B180 /* SearchLocation */,
				E2EA0E8B1BBA78390013B180 /* SearchLocationTests */,
				E2EA0E961BBA78390013B180 /* SearchLocationUITests */,
			);
		};
/* End PBXProject section */

/* Begin PBXResourcesBuildPhase section */
		E2EA0E761BBA78390013B180 /* Resources */ = {
			isa = PBXResourcesBuildPhase;
			buildActionMask = 2147483647;
			files = (
				E2EA0E861BBA78390013B180 /* LaunchScreen.storyboard in Resources */,
				E2EA0E831BBA78390013B180 /* Assets.xcassets in Resources */,
				E2EA0E811BBA78390013B180 /* Main.storyboard in Resources */,
			);
			runOnlyForDeploymentPostprocessing = 0;
		};
		E2EA0E8A1BBA78390013B180 /* Resources */ = {
			isa = PBXResourcesBuildPhase;
			buildActionMask = 2147483647;
			files = (
			);
			runOnlyForDeploymentPostprocessing = 0;
		};
		E2EA0E951BBA78390013B180 /* Resources */ = {
			isa = PBXResourcesBuildPhase;
			buildActionMask = 2147483647;
			files = (
			);
			runOnlyForDeploymentPostprocessing = 0;
		};
/* End PBXResourcesBuildPhase section */

/* Begin PBXSourcesBuildPhase section */
		E2EA0E741BBA78390013B180 /* Sources */ = {
			isa = PBXSourcesBuildPhase;
			buildActionMask = 2147483647;
			files = (
				E2EA0E7E1BBA78390013B180 /* ViewController.swift in Sources */,
				E2EA0E7C1BBA78390013B180 /* AppDelegate.swift in Sources */,
			);
			runOnlyForDeploymentPostprocessing = 0;
		};
		E2EA0E881BBA78390013B180 /* Sources */ = {
			isa = PBXSourcesBuildPhase;
			buildActionMask = 2147483647;
			files = (
				E2EA0E911BBA78390013B180 /* SearchLocationTests.swift in Sources */,
			);
			runOnlyForDeploymentPostprocessing = 0;
		};
		E2EA0E931BBA78390013B180 /* Sources */ = {
			isa = PBXSourcesBuildPhase;
			buildActionMask = 2147483647;
			files = (
				E2EA0E9C1BBA78390013B180 /* SearchLocationUITests.swift in Sources */,
			);
			runOnlyForDeploymentPostprocessing = 0;
		};
/* End PBXSourcesBuildPhase section */

/* Begin PBXTargetDependency section */
		E2EA0E8E1BBA78390013B180 /* PBXTargetDependency */ = {
			isa = PBXTargetDependency;
			target = E2EA0E771BBA78390013B180 /* SearchLocation */;
			targetProxy = E2EA0E8D1BBA78390013B180 /* PBXContainerItemProxy */;
		};
		E2EA0E991BBA78390013B180 /* PBXTargetDependency */ = {
			isa = PBXTargetDependency;
			target = E2EA0E771BBA78390013B180 /* SearchLocation */;
			targetProxy = E2EA0E981BBA78390013B180 /* PBXContainerItemProxy */;
		};
/* End PBXTargetDependency section */

/* Begin PBXVariantGroup section */
		E2EA0E7F1BBA78390013B180 /* Main.storyboard */ = {
			isa = PBXVariantGroup;
			children = (
				E2EA0E801BBA78390013B180 /* Base */,
			);
			name = Main.storyboard;
			sourceTree = "<group>";
		};
		E2EA0E841BBA78390013B180 /* LaunchScreen.storyboard */ = {
			isa = PBXVariantGroup;
			children = (
				E2EA0E851BBA78390013B180 /* Base */,
			);
			name = LaunchScreen.storyboard;
			sourceTree = "<group>";
		};
/* End PBXVariantGroup section */

/* Begin XCBuildConfiguration section */
		E2EA0E9E1BBA78390013B180 /* Debug */ = {
			isa = XCBuildConfiguration;
			buildSettings = {
				ALWAYS_SEARCH_USER_PATHS = NO;
				CLANG_CXX_LANGUAGE_STANDARD = "gnu++0x";
				CLANG_CXX_LIBRARY = "libc++";
				CLANG_ENABLE_MODULES = YES;
				CLANG_ENABLE_OBJC_ARC = YES;
				CLANG_WARN_BOOL_CONVERSION = YES;
				CLANG_WARN_CONSTANT_CONVERSION = YES;
				CLANG_WARN_DIRECT_OBJC_ISA_USAGE = YES_ERROR;
				CLANG_WARN_EMPTY_BODY = YES;
				CLANG_WARN_ENUM_CONVERSION = YES;
				CLANG_WARN_INT_CONVERSION = YES;
				CLANG_WARN_OBJC_ROOT_CLASS = YES_ERROR;
				CLANG_WARN_UNREACHABLE_CODE = YES;
				CLANG_WARN__DUPLICATE_METHOD_MATCH = YES;
				"CODE_SIGN_IDENTITY[sdk=iphoneos*]" = "iPhone Developer";
				COPY_PHASE_STRIP = NO;
				DEBUG_INFORMATION_FORMAT = dwarf;
				ENABLE_STRICT_OBJC_MSGSEND = YES;
				ENABLE_TESTABILITY = YES;
				GCC_C_LANGUAGE_STANDARD = gnu99;
				GCC_DYNAMIC_NO_PIC = NO;
				GCC_NO_COMMON_BLOCKS = YES;
				GCC_OPTIMIZATION_LEVEL = 0;
				GCC_PREPROCESSOR_DEFINITIONS = (
					"DEBUG=1",
					"$(inherited)",
				);
				GCC_WARN_64_TO_32_BIT_CONVERSION = YES;
				GCC_WARN_ABOUT_RETURN_TYPE = YES_ERROR;
				GCC_WARN_UNDECLARED_SELECTOR = YES;
				GCC_WARN_UNINITIALIZED_AUTOS = YES_AGGRESSIVE;
				GCC_WARN_UNUSED_FUNCTION = YES;
				GCC_WARN_UNUSED_VARIABLE = YES;
				IPHONEOS_DEPLOYMENT_TARGET = 9.0;
				MTL_ENABLE_DEBUG_INFO = YES;
				ONLY_ACTIVE_ARCH = YES;
				SDKROOT = iphoneos;
				SWIFT_OPTIMIZATION_LEVEL = "-Onone";
			};
			name = Debug;
		};
		E2EA0E9F1BBA78390013B180 /* Release */ = {
			isa = XCBuildConfiguration;
			buildSettings = {
				ALWAYS_SEARCH_USER_PATHS = NO;
				CLANG_CXX_LANGUAGE_STANDARD = "gnu++0x";
				CLANG_CXX_LIBRARY = "libc++";
				CLANG_ENABLE_MODULES = YES;
				CLANG_ENABLE_OBJC_ARC = YES;
				CLANG_WARN_BOOL_CONVERSION = YES;
				CLANG_WARN_CONSTANT_CONVERSION = YES;
				CLANG_WARN_DIRECT_OBJC_ISA_USAGE = YES_ERROR;
				CLANG_WARN_EMPTY_BODY = YES;
				CLANG_WARN_ENUM_CONVERSION = YES;
				CLANG_WARN_INT_CONVERSION = YES;
				CLANG_WARN_OBJC_ROOT_CLASS = YES_ERROR;
				CLANG_WARN_UNREACHABLE_CODE = YES;
				CLANG_WARN__DUPLICATE_METHOD_MATCH = YES;
				"CODE_SIGN_IDENTITY[sdk=iphoneos*]" = "iPhone Developer";
				COPY_PHASE_STRIP = NO;
				DEBUG_INFORMATION_FORMAT = "dwarf-with-dsym";
				ENABLE_NS_ASSERTIONS = NO;
				ENABLE_STRICT_OBJC_MSGSEND = YES;
				GCC_C_LANGUAGE_STANDARD = gnu99;
				GCC_NO_COMMON_BLOCKS = YES;
				GCC_WARN_64_TO_32_BIT_CONVERSION = YES;
				GCC_WARN_ABOUT_RETURN_TYPE = YES_ERROR;
				GCC_WARN_UNDECLARED_SELECTOR = YES;
				GCC_WARN_UNINITIALIZED_AUTOS = YES_AGGRESSIVE;
				GCC_WARN_UNUSED_FUNCTION = YES;
				GCC_WARN_UNUSED_VARIABLE = YES;
				IPHONEOS_DEPLOYMENT_TARGET = 9.0;
				MTL_ENABLE_DEBUG_INFO = NO;
				SDKROOT = iphoneos;
				VALIDATE_PRODUCT = YES;
			};
			name = Release;
		};
		E2EA0EA11BBA78390013B180 /* Debug */ = {
			isa = XCBuildConfiguration;
			buildSettings = {
				ASSETCATALOG_COMPILER_APPICON_NAME = AppIcon;
				INFOPLIST_FILE = SearchLocation/Info.plist;
				LD_RUNPATH_SEARCH_PATHS = "$(inherited) @executable_path/Frameworks";
				PRODUCT_BUNDLE_IDENTIFIER = com.imamura.SearchLocation;
				PRODUCT_NAME = "$(TARGET_NAME)";
			};
			name = Debug;
		};
		E2EA0EA21BBA78390013B180 /* Release */ = {
			isa = XCBuildConfiguration;
			buildSettings = {
				ASSETCATALOG_COMPILER_APPICON_NAME = AppIcon;
				INFOPLIST_FILE = SearchLocation/Info.plist;
				LD_RUNPATH_SEARCH_PATHS = "$(inherited) @executable_path/Frameworks";
				PRODUCT_BUNDLE_IDENTIFIER = com.imamura.SearchLocation;
				PRODUCT_NAME = "$(TARGET_NAME)";
			};
			name = Release;
		};
		E2EA0EA41BBA78390013B180 /* Debug */ = {
			isa = XCBuildConfiguration;
			buildSettings = {
				BUNDLE_LOADER = "$(TEST_HOST)";
				INFOPLIST_FILE = SearchLocationTests/Info.plist;
				LD_RUNPATH_SEARCH_PATHS = "$(inherited) @executable_path/Frameworks @loader_path/Frameworks";
				PRODUCT_BUNDLE_IDENTIFIER = com.imamura.SearchLocationTests;
				PRODUCT_NAME = "$(TARGET_NAME)";
				TEST_HOST = "$(BUILT_PRODUCTS_DIR)/SearchLocation.app/SearchLocation";
			};
			name = Debug;
		};
		E2EA0EA51BBA78390013B180 /* Release */ = {
			isa = XCBuildConfiguration;
			buildSettings = {
				BUNDLE_LOADER = "$(TEST_HOST)";
				INFOPLIST_FILE = SearchLocationTests/Info.plist;
				LD_RUNPATH_SEARCH_PATHS = "$(inherited) @executable_path/Frameworks @loader_path/Frameworks";
				PRODUCT_BUNDLE_IDENTIFIER = com.imamura.SearchLocationTests;
				PRODUCT_NAME = "$(TARGET_NAME)";
				TEST_HOST = "$(BUILT_PRODUCTS_DIR)/SearchLocation.app/SearchLocation";
			};
			name = Release;
		};
		E2EA0EA71BBA78390013B180 /* Debug */ = {
			isa = XCBuildConfiguration;
			buildSettings = {
				INFOPLIST_FILE = SearchLocationUITests/Info.plist;
				LD_RUNPATH_SEARCH_PATHS = "$(inherited) @executable_path/Frameworks @loader_path/Frameworks";
				PRODUCT_BUNDLE_IDENTIFIER = com.imamura.SearchLocationUITests;
				PRODUCT_NAME = "$(TARGET_NAME)";
				TEST_TARGET_NAME = SearchLocation;
				USES_XCTRUNNER = YES;
			};
			name = Debug;
		};
		E2EA0EA81BBA78390013B180 /* Release */ = {
			isa = XCBuildConfiguration;
			buildSettings = {
				INFOPLIST_FILE = SearchLocationUITests/Info.plist;
				LD_RUNPATH_SEARCH_PATHS = "$(inherited) @executable_path/Frameworks @loader_path/Frameworks";
				PRODUCT_BUNDLE_IDENTIFIER = com.imamura.SearchLocationUITests;
				PRODUCT_NAME = "$(TARGET_NAME)";
				TEST_TARGET_NAME = SearchLocation;
				USES_XCTRUNNER = YES;
			};
			name = Release;
		};
/* End XCBuildConfiguration section */

/* Begin XCConfigurationList section */
		E2EA0E731BBA78390013B180 /* Build configuration list for PBXProject "SearchLocation" */ = {
			isa = XCConfigurationList;
			buildConfigurations = (
				E2EA0E9E1BBA78390013B180 /* Debug */,
				E2EA0E9F1BBA78390013B180 /* Release */,
			);
			defaultConfigurationIsVisible = 0;
			defaultConfigurationName = Release;
		};
		E2EA0EA01BBA78390013B180 /* Build configuration list for PBXNativeTarget "SearchLocation" */ = {
			isa = XCConfigurationList;
			buildConfigurations = (
				E2EA0EA11BBA78390013B180 /* Debug */,
				E2EA0EA21BBA78390013B180 /* Release */,
			);
			defaultConfigurationIsVisible = 0;
		};
		E2EA0EA31BBA78390013B180 /* Build configuration list for PBXNativeTarget "SearchLocationTests" */ = {
			isa = XCConfigurationList;
			buildConfigurations = (
				E2EA0EA41BBA78390013B180 /* Debug */,
				E2EA0EA51BBA78390013B180 /* Release */,
			);
			defaultConfigurationIsVisible = 0;
		};
		E2EA0EA61BBA78390013B180 /* Build configuration list for PBXNativeTarget "SearchLocationUITests" */ = {
			isa = XCConfigurationList;
			buildConfigurations = (
				E2EA0EA71BBA78390013B180 /* Debug */,
				E2EA0EA81BBA78390013B180 /* Release */,
			);
			defaultConfigurationIsVisible = 0;
		};
/* End XCConfigurationList section */
	};
	rootObject = E2EA0E701BBA78380013B180 /* Project object */;
}
